
Microsoft Visual Studio Solution File, Format Version 12.00
# Visual Studio Version 17
VisualStudioVersion = 17.10.34928.147
MinimumVisualStudioVersion = 10.0.40219.1
Project("{FAE04EC0-301F-11D3-BF4B-00C04F79EFBC}") = "EGGroupTestAPI", "EGGroupTestAPI\EGGroupTestAPI.csproj", "{A6DA9A9D-3DF8-4449-974B-A42F93CED09F}"
EndProject
Global
	GlobalSection(SolutionConfigurationPlatforms) = preSolution
		Debug|Any CPU = Debug|Any CPU
		Release|Any CPU = Release|Any CPU
	EndGlobalSection
	GlobalSection(ProjectConfigurationPlatforms) = postSolution
		{A6DA9A9D-3DF8-4449-974B-A42F93CED09F}.Debug|Any CPU.ActiveCfg = Debug|Any CPU
		{A6DA9A9D-3DF8-4449-974B-A42F93CED09F}.Debug|Any CPU.Build.0 = Debug|Any CPU
		{A6DA9A9D-3DF8-4449-974B-A42F93CED09F}.Release|Any CPU.ActiveCfg = Release|Any CPU
		{A6DA9A9D-3DF8-4449-974B-A42F93CED09F}.Release|Any CPU.Build.0 = Release|Any CPU
	EndGlobalSection
	GlobalSection(SolutionProperties) = preSolution
		HideSolutionNode = FALSE
	EndGlobalSection
	GlobalSection(ExtensibilityGlobals) = postSolution
		SolutionGuid = {558682A4-B2B2-4017-A704-40907BC59FD1}
	EndGlobalSection
EndGlobal
